// !$*UTF8*$!
{
	archiveVersion = 1;
	classes = {
	};
	objectVersion = 46;
	objects = {

/* Begin PBXBuildFile section */
		77B8D48B1F6BC49F00D8E800 /* main.cpp in Sources */ = {isa = PBXBuildFile; fileRef = 77B8D48A1F6BC49F00D8E800 /* main.cpp */; };
		77B8D4931F6BC57A00D8E800 /* OpenGL.framework in Frameworks */ = {isa = PBXBuildFile; fileRef = 77B8D4921F6BC57A00D8E800 /* OpenGL.framework */; };
		77B8D4951F6BC60200D8E800 /* libGLEW.2.1.0.dylib in Frameworks */ = {isa = PBXBuildFile; fileRef = 77B8D4941F6BC60200D8E800 /* libGLEW.2.1.0.dylib */; };
		77B8D4971F6BC62000D8E800 /* libglfw.3.2.dylib in Frameworks */ = {isa = PBXBuildFile; fileRef = 77B8D4961F6BC62000D8E800 /* libglfw.3.2.dylib */; };
/* End PBXBuildFile section */

/* Begin PBXCopyFilesBuildPhase section */
		77B8D4851F6BC49F00D8E800 /* CopyFiles */ = {
			isa = PBXCopyFilesBuildPhase;
			buildActionMask = 2147483647;
			dstPath = /usr/share/man/man1/;
			dstSubfolderSpec = 0;
			files = (
			);
			runOnlyForDeploymentPostprocessing = 1;
		};
/* End PBXCopyFilesBuildPhase section */

/* Begin PBXFileReference section */
		77B8D4871F6BC49F00D8E800 /* LearningOpenGL */ = {isa = PBXFileReference; explicitFileType = "compiled.mach-o.executable"; includeInIndex = 0; path = LearningOpenGL; sourceTree = BUILT_PRODUCTS_DIR; };
		77B8D48A1F6BC49F00D8E800 /* main.cpp */ = {isa = PBXFileReference; lastKnownFileType = sourcecode.cpp.cpp; path = main.cpp; sourceTree = "<group>"; };
		77B8D4921F6BC57A00D8E800 /* OpenGL.framework */ = {isa = PBXFileReference; lastKnownFileType = wrapper.framework; name = OpenGL.framework; path = System/Library/Frameworks/OpenGL.framework; sourceTree = SDKROOT; };
		77B8D4941F6BC60200D8E800 /* libGLEW.2.1.0.dylib */ = {isa = PBXFileReference; lastKnownFileType = "compiled.mach-o.dylib"; name = libGLEW.2.1.0.dylib; path = ../../../../usr/local/Cellar/glew/2.1.0/lib/libGLEW.2.1.0.dylib; sourceTree = "<group>"; };
		77B8D4961F6BC62000D8E800 /* libglfw.3.2.dylib */ = {isa = PBXFileReference; lastKnownFileType = "compiled.mach-o.dylib"; name = libglfw.3.2.dylib; path = ../../../../usr/local/Cellar/glfw/3.2.1/lib/libglfw.3.2.dylib; sourceTree = "<group>"; };
/* End PBXFileReference section */

/* Begin PBXFrameworksBuildPhase section */
		77B8D4841F6BC49F00D8E800 /* Frameworks */ = {
			isa = PBXFrameworksBuildPhase;
			buildActionMask = 2147483647;
			files = (
				77B8D4971F6BC62000D8E800 /* libglfw.3.2.dylib in Frameworks */,
				77B8D4951F6BC60200D8E800 /* libGLEW.2.1.0.dylib in Frameworks */,
				77B8D4931F6BC57A00D8E800 /* OpenGL.framework in Frameworks */,
			);
			runOnlyForDeploymentPostprocessing = 0;
		};
/* End PBXFrameworksBuildPhase section */

/* Begin PBXGroup section */
		77B8D47E1F6BC49F00D8E800 = {
			isa = PBXGroup;
			children = (
				77B8D4891F6BC49F00D8E800 /* LearningOpenGL */,
				77B8D4881F6BC49F00D8E800 /* Products */,
				77B8D4911F6BC57A00D8E800 /* Frameworks */,
			);
			sourceTree = "<group>";
		};
		77B8D4881F6BC49F00D8E800 /* Products */ = {
			isa = PBXGroup;
			children = (
				77B8D4871F6BC49F00D8E800 /* LearningOpenGL */,
			);
			name = Products;
			sourceTree = "<group>";
		};
		77B8D4891F6BC49F00D8E800 /* LearningOpenGL */ = {
			isa = PBXGroup;
			children = (
				77B8D48A1F6BC49F00D8E800 /* main.cpp */,
			);
			path = LearningOpenGL;
			sourceTree = "<group>";
		};
		77B8D4911F6BC57A00D8E800 /* Frameworks */ = {
			isa = PBXGroup;
			children = (
				77B8D4961F6BC62000D8E800 /* libglfw.3.2.dylib */,
				77B8D4941F6BC60200D8E800 /* libGLEW.2.1.0.dylib */,
				77B8D4921F6BC57A00D8E800 /* OpenGL.framework */,
			);
			name = Frameworks;
			sourceTree = "<group>";
		};
/* End PBXGroup section */

/* Begin PBXNativeTarget section */
		77B8D4861F6BC49F00D8E800 /* LearningOpenGL */ = {
			isa = PBXNativeTarget;
			buildConfigurationList = 77B8D48E1F6BC49F00D8E800 /* Build configuration list for PBXNativeTarget "LearningOpenGL" */;
			buildPhases = (
				77B8D4831F6BC49F00D8E800 /* Sources */,
				77B8D4841F6BC49F00D8E800 /* Frameworks */,
				77B8D4851F6BC49F00D8E800 /* CopyFiles */,
			);
			buildRules = (
			);
			dependencies = (
			);
			name = LearningOpenGL;
			productName = LearningOpenGL;
			productReference = 77B8D4871F6BC49F00D8E800 /* LearningOpenGL */;
			productType = "com.apple.product-type.tool";
		};
/* End PBXNativeTarget section */

/* Begin PBXProject section */
		77B8D47F1F6BC49F00D8E800 /* Project object */ = {
			isa = PBXProject;
			attributes = {
				LastUpgradeCheck = 0830;
				ORGANIZATIONNAME = "Leo Lu";
				TargetAttributes = {
					77B8D4861F6BC49F00D8E800 = {
						CreatedOnToolsVersion = 8.3.3;
						DevelopmentTeam = 4D9E4M4YDJ;
						ProvisioningStyle = Automatic;
					};
				};
			};
			buildConfigurationList = 77B8D4821F6BC49F00D8E800 /* Build configuration list for PBXProject "LearningOpenGL" */;
			compatibilityVersion = "Xcode 3.2";
			developmentRegion = English;
			hasScannedForEncodings = 0;
			knownRegions = (
				en,
			);
			mainGroup = 77B8D47E1F6BC49F00D8E800;
			productRefGroup = 77B8D4881F6BC49F00D8E800 /* Products */;
			projectDirPath = "";
			projectRoot = "";
			targets = (
				77B8D4861F6BC49F00D8E800 /* LearningOpenGL */,
			);
		};
/* End PBXProject section */

/* Begin PBXSourcesBuildPhase section */
		77B8D4831F6BC49F00D8E800 /* Sources */ = {
			isa = PBXSourcesBuildPhase;
			buildActionMask = 2147483647;
			files = (
				77B8D48B1F6BC49F00D8E800 /* main.cpp in Sources */,
			);
			runOnlyForDeploymentPostprocessing = 0;
		};
/* End PBXSourcesBuildPhase section */

/* Begin XCBuildConfiguration section */
		77B8D48C1F6BC49F00D8E800 /* Debug */ = {
			isa = XCBuildConfiguration;
			buildSettings = {
				ALWAYS_SEARCH_USER_PATHS = YES;
				CLANG_ANALYZER_NONNULL = YES;
				CLANG_ANALYZER_NUMBER_OBJECT_CONVERSION = YES_AGGRESSIVE;
				CLANG_CXX_LANGUAGE_STANDARD = "gnu++0x";
				CLANG_CXX_LIBRARY = "libc++";
				CLANG_ENABLE_MODULES = YES;
				CLANG_ENABLE_OBJC_ARC = YES;
				CLANG_WARN_BOOL_CONVERSION = YES;
				CLANG_WARN_CONSTANT_CONVERSION = YES;
				CLANG_WARN_DIRECT_OBJC_ISA_USAGE = YES_ERROR;
				CLANG_WARN_DOCUMENTATION_COMMENTS = YES;
				CLANG_WARN_EMPTY_BODY = YES;
				CLANG_WARN_ENUM_CONVERSION = YES;
				CLANG_WARN_INFINITE_RECURSION = YES;
				CLANG_WARN_INT_CONVERSION = YES;
				CLANG_WARN_OBJC_ROOT_CLASS = YES_ERROR;
				CLANG_WARN_SUSPICIOUS_MOVE = YES;
				CLANG_WARN_UNREACHABLE_CODE = YES;
				CLANG_WARN__DUPLICATE_METHOD_MATCH = YES;
				CODE_SIGN_IDENTITY = "-";
				COPY_PHASE_STRIP = NO;
				DEBUG_INFORMATION_FORMAT = dwarf;
				ENABLE_STRICT_OBJC_MSGSEND = YES;
				ENABLE_TESTABILITY = YES;
				GCC_C_LANGUAGE_STANDARD = gnu99;
				GCC_DYNAMIC_NO_PIC = NO;
				GCC_NO_COMMON_BLOCKS = YES;
				GCC_OPTIMIZATION_LEVEL = 0;
				GCC_PREPROCESSOR_DEFINITIONS = (
					"DEBUG=1",
					"$(inherited)",
				);
				GCC_WARN_64_TO_32_BIT_CONVERSION = YES;
				GCC_WARN_ABOUT_RETURN_TYPE = YES_ERROR;
				GCC_WARN_UNDECLARED_SELECTOR = YES;
				GCC_WARN_UNINITIALIZED_AUTOS = YES_AGGRESSIVE;
				GCC_WARN_UNUSED_FUNCTION = YES;
				GCC_WARN_UNUSED_VARIABLE = YES;
				MACOSX_DEPLOYMENT_TARGET = 10.12;
				MTL_ENABLE_DEBUG_INFO = YES;
				ONLY_ACTIVE_ARCH = YES;
				SDKROOT = macosx;
			};
			name = Debug;
		};
		77B8D48D1F6BC49F00D8E800 /* Release */ = {
			isa = XCBuildConfiguration;
			buildSettings = {
				ALWAYS_SEARCH_USER_PATHS = YES;
				CLANG_ANALYZER_NONNULL = YES;
				CLANG_ANALYZER_NUMBER_OBJECT_CONVERSION = YES_AGGRESSIVE;
				CLANG_CXX_LANGUAGE_STANDARD = "gnu++0x";
				CLANG_CXX_LIBRARY = "libc++";
				CLANG_ENABLE_MODULES = YES;
				CLANG_ENABLE_OBJC_ARC = YES;
				CLANG_WARN_BOOL_CONVERSION = YES;
				CLANG_WARN_CONSTANT_CONVERSION = YES;
				CLANG_WARN_DIRECT_OBJC_ISA_USAGE = YES_ERROR;
				CLANG_WARN_DOCUMENTATION_COMMENTS = YES;
				CLANG_WARN_EMPTY_BODY = YES;
				CLANG_WARN_ENUM_CONVERSION = YES;
				CLANG_WARN_INFINITE_RECURSION = YES;
				CLANG_WARN_INT_CONVERSION = YES;
				CLANG_WARN_OBJC_ROOT_CLASS = YES_ERROR;
				CLANG_WARN_SUSPICIOUS_MOVE = YES;
				CLANG_WARN_UNREACHABLE_CODE = YES;
				CLANG_WARN__DUPLICATE_METHOD_MATCH = YES;
				CODE_SIGN_IDENTITY = "-";
				COPY_PHASE_STRIP = NO;
				DEBUG_INFORMATION_FORMAT = "dwarf-with-dsym";
				ENABLE_NS_ASSERTIONS = NO;
				ENABLE_STRICT_OBJC_MSGSEND = YES;
				GCC_C_LANGUAGE_STANDARD = gnu99;
				GCC_NO_COMMON_BLOCKS = YES;
				GCC_WARN_64_TO_32_BIT_CONVERSION = YES;
				GCC_WARN_ABOUT_RETURN_TYPE = YES_ERROR;
				GCC_WARN_UNDECLARED_SELECTOR = YES;
				GCC_WARN_UNINITIALIZED_AUTOS = YES_AGGRESSIVE;
				GCC_WARN_UNUSED_FUNCTION = YES;
				GCC_WARN_UNUSED_VARIABLE = YES;
				MACOSX_DEPLOYMENT_TARGET = 10.12;
				MTL_ENABLE_DEBUG_INFO = NO;
				SDKROOT = macosx;
			};
			name = Release;
		};
		77B8D48F1F6BC49F00D8E800 /* Debug */ = {
			isa = XCBuildConfiguration;
			buildSettings = {
				ALWAYS_SEARCH_USER_PATHS = NO;
				DEVELOPMENT_TEAM = 4D9E4M4YDJ;
				HEADER_SEARCH_PATHS = /usr/local/include/;
				LIBRARY_SEARCH_PATHS = (
					"$(inherited)",
					/usr/local/Cellar/glew/2.1.0/lib,
					/usr/local/Cellar/glfw/3.2.1/lib,
				);
				PRODUCT_NAME = "$(TARGET_NAME)";
			};
			name = Debug;
		};
		77B8D4901F6BC49F00D8E800 /* Release */ = {
			isa = XCBuildConfiguration;
			buildSettings = {
				ALWAYS_SEARCH_USER_PATHS = NO;
				DEVELOPMENT_TEAM = 4D9E4M4YDJ;
				HEADER_SEARCH_PATHS = /usr/local/include/;
				LIBRARY_SEARCH_PATHS = (
					"$(inherited)",
					/usr/local/Cellar/glew/2.1.0/lib,
					/usr/local/Cellar/glfw/3.2.1/lib,
				);
				PRODUCT_NAME = "$(TARGET_NAME)";
			};
			name = Release;
		};
/* End XCBuildConfiguration section */

/* Begin XCConfigurationList section */
		77B8D4821F6BC49F00D8E800 /* Build configuration list for PBXProject "LearningOpenGL" */ = {
			isa = XCConfigurationList;
			buildConfigurations = (
				77B8D48C1F6BC49F00D8E800 /* Debug */,
				77B8D48D1F6BC49F00D8E800 /* Release */,
			);
			defaultConfigurationIsVisible = 0;
			defaultConfigurationName = Release;
		};
		77B8D48E1F6BC49F00D8E800 /* Build configuration list for PBXNativeTarget "LearningOpenGL" */ = {
			isa = XCConfigurationList;
			buildConfigurations = (
				77B8D48F1F6BC49F00D8E800 /* Debug */,
				77B8D4901F6BC49F00D8E800 /* Release */,
			);
			defaultConfigurationIsVisible = 0;
		};
/* End XCConfigurationList section */
	};
	rootObject = 77B8D47F1F6BC49F00D8E800 /* Project object */;
}
